
Microsoft Visual Studio Solution File, Format Version 12.00
# Visual Studio Version 17
VisualStudioVersion = 17.8.34511.84
MinimumVisualStudioVersion = 10.0.40219.1
Project("{FAE04EC0-301F-11D3-BF4B-00C04F79EFBC}") = "DapperApp", "DapperApp\DapperApp.csproj", "{86E1905F-2D68-4585-82A1-BAF76C8765BE}"
EndProject
Project("{FAE04EC0-301F-11D3-BF4B-00C04F79EFBC}") = "Repository", "Repository\Repository.csproj", "{9DC03268-FCA4-4226-8BA8-AC59B05E283A}"
EndProject
Global
	GlobalSection(SolutionConfigurationPlatforms) = preSolution
		Debug|Any CPU = Debug|Any CPU
		Release|Any CPU = Release|Any CPU
	EndGlobalSection
	GlobalSection(ProjectConfigurationPlatforms) = postSolution
		{86E1905F-2D68-4585-82A1-BAF76C8765BE}.Debug|Any CPU.ActiveCfg = Debug|Any CPU
		{86E1905F-2D68-4585-82A1-BAF76C8765BE}.Debug|Any CPU.Build.0 = Debug|Any CPU
		{86E1905F-2D68-4585-82A1-BAF76C8765BE}.Release|Any CPU.ActiveCfg = Release|Any CPU
		{86E1905F-2D68-4585-82A1-BAF76C8765BE}.Release|Any CPU.Build.0 = Release|Any CPU
		{9DC03268-FCA4-4226-8BA8-AC59B05E283A}.Debug|Any CPU.ActiveCfg = Debug|Any CPU
		{9DC03268-FCA4-4226-8BA8-AC59B05E283A}.Debug|Any CPU.Build.0 = Debug|Any CPU
		{9DC03268-FCA4-4226-8BA8-AC59B05E283A}.Release|Any CPU.ActiveCfg = Release|Any CPU
		{9DC03268-FCA4-4226-8BA8-AC59B05E283A}.Release|Any CPU.Build.0 = Release|Any CPU
	EndGlobalSection
	GlobalSection(SolutionProperties) = preSolution
		HideSolutionNode = FALSE
	EndGlobalSection
	GlobalSection(ExtensibilityGlobals) = postSolution
		SolutionGuid = {D37CC780-4B95-4739-AB47-6A2AB49BFECC}
	EndGlobalSection
EndGlobal
